
Microsoft Visual Studio Solution File, Format Version 12.00
# Visual Studio Version 16
VisualStudioVersion = 16.0.31129.286
MinimumVisualStudioVersion = 10.0.40219.1
Project("{9A19103F-16F7-4668-BE54-9A1E7A4F7556}") = "mitoSoft.StateMachine", "mitoSoft.StateMachine\mitoSoft.StateMachine.csproj", "{66E9EC0E-008F-43BE-9D4B-75B85B56F899}"
EndProject
Project("{9A19103F-16F7-4668-BE54-9A1E7A4F7556}") = "mitoSoft.StateMachine.Extensions", "mitoSoft.StateMachine.Extensions\mitoSoft.StateMachine.Extensions.csproj", "{C92B7523-DA76-4412-A834-3A6531605D31}"
EndProject
Project("{9A19103F-16F7-4668-BE54-9A1E7A4F7556}") = "mitoSoft.Workflows.Tests.Net5", "mitoSoft.Workflows.Tests.Net5\mitoSoft.Workflows.Tests.Net5.csproj", "{ED0455C1-7D5E-489B-A6BE-B3FA6888FEE3}"
EndProject
Project("{FAE04EC0-301F-11D3-BF4B-00C04F79EFBC}") = "mitoSoft.Workflows.Tests.FullFramework", "mitoSoft.Workflows.Tests.FullFramework\mitoSoft.Workflows.Tests.FullFramework.csproj", "{CCAF93FA-5F2B-40F6-A31E-A90384508E2E}"
EndProject
Global
	GlobalSection(SolutionConfigurationPlatforms) = preSolution
		Debug|Any CPU = Debug|Any CPU
		Debug|x86 = Debug|x86
		Release|Any CPU = Release|Any CPU
		Release|x86 = Release|x86
	EndGlobalSection
	GlobalSection(ProjectConfigurationPlatforms) = postSolution
		{66E9EC0E-008F-43BE-9D4B-75B85B56F899}.Debug|Any CPU.ActiveCfg = Debug|Any CPU
		{66E9EC0E-008F-43BE-9D4B-75B85B56F899}.Debug|Any CPU.Build.0 = Debug|Any CPU
		{66E9EC0E-008F-43BE-9D4B-75B85B56F899}.Debug|x86.ActiveCfg = Debug|Any CPU
		{66E9EC0E-008F-43BE-9D4B-75B85B56F899}.Debug|x86.Build.0 = Debug|Any CPU
		{66E9EC0E-008F-43BE-9D4B-75B85B56F899}.Release|Any CPU.ActiveCfg = Release|Any CPU
		{66E9EC0E-008F-43BE-9D4B-75B85B56F899}.Release|Any CPU.Build.0 = Release|Any CPU
		{66E9EC0E-008F-43BE-9D4B-75B85B56F899}.Release|x86.ActiveCfg = Release|Any CPU
		{66E9EC0E-008F-43BE-9D4B-75B85B56F899}.Release|x86.Build.0 = Release|Any CPU
		{C92B7523-DA76-4412-A834-3A6531605D31}.Debug|Any CPU.ActiveCfg = Debug|Any CPU
		{C92B7523-DA76-4412-A834-3A6531605D31}.Debug|Any CPU.Build.0 = Debug|Any CPU
		{C92B7523-DA76-4412-A834-3A6531605D31}.Debug|x86.ActiveCfg = Debug|Any CPU
		{C92B7523-DA76-4412-A834-3A6531605D31}.Debug|x86.Build.0 = Debug|Any CPU
		{C92B7523-DA76-4412-A834-3A6531605D31}.Release|Any CPU.ActiveCfg = Release|Any CPU
		{C92B7523-DA76-4412-A834-3A6531605D31}.Release|Any CPU.Build.0 = Release|Any CPU
		{C92B7523-DA76-4412-A834-3A6531605D31}.Release|x86.ActiveCfg = Release|Any CPU
		{C92B7523-DA76-4412-A834-3A6531605D31}.Release|x86.Build.0 = Release|Any CPU
		{ED0455C1-7D5E-489B-A6BE-B3FA6888FEE3}.Debug|Any CPU.ActiveCfg = Debug|Any CPU
		{ED0455C1-7D5E-489B-A6BE-B3FA6888FEE3}.Debug|Any CPU.Build.0 = Debug|Any CPU
		{ED0455C1-7D5E-489B-A6BE-B3FA6888FEE3}.Debug|x86.ActiveCfg = Debug|Any CPU
		{ED0455C1-7D5E-489B-A6BE-B3FA6888FEE3}.Debug|x86.Build.0 = Debug|Any CPU
		{ED0455C1-7D5E-489B-A6BE-B3FA6888FEE3}.Release|Any CPU.ActiveCfg = Release|Any CPU
		{ED0455C1-7D5E-489B-A6BE-B3FA6888FEE3}.Release|Any CPU.Build.0 = Release|Any CPU
		{ED0455C1-7D5E-489B-A6BE-B3FA6888FEE3}.Release|x86.ActiveCfg = Release|Any CPU
		{ED0455C1-7D5E-489B-A6BE-B3FA6888FEE3}.Release|x86.Build.0 = Release|Any CPU
		{CCAF93FA-5F2B-40F6-A31E-A90384508E2E}.Debug|Any CPU.ActiveCfg = Debug|Any CPU
		{CCAF93FA-5F2B-40F6-A31E-A90384508E2E}.Debug|Any CPU.Build.0 = Debug|Any CPU
		{CCAF93FA-5F2B-40F6-A31E-A90384508E2E}.Debug|x86.ActiveCfg = Debug|Any CPU
		{CCAF93FA-5F2B-40F6-A31E-A90384508E2E}.Debug|x86.Build.0 = Debug|Any CPU
		{CCAF93FA-5F2B-40F6-A31E-A90384508E2E}.Release|Any CPU.ActiveCfg = Release|Any CPU
		{CCAF93FA-5F2B-40F6-A31E-A90384508E2E}.Release|Any CPU.Build.0 = Release|Any CPU
		{CCAF93FA-5F2B-40F6-A31E-A90384508E2E}.Release|x86.ActiveCfg = Release|Any CPU
		{CCAF93FA-5F2B-40F6-A31E-A90384508E2E}.Release|x86.Build.0 = Release|Any CPU
	EndGlobalSection
	GlobalSection(SolutionProperties) = preSolution
		HideSolutionNode = FALSE
	EndGlobalSection
	GlobalSection(ExtensibilityGlobals) = postSolution
		SolutionGuid = {37888919-8A71-464E-881A-939DF06C73CA}
	EndGlobalSection
EndGlobal
